
Microsoft Visual Studio Solution File, Format Version 12.00
# Visual Studio Version 16
VisualStudioVersion = 16.0.31613.86
MinimumVisualStudioVersion = 10.0.40219.1
Project("{FAE04EC0-301F-11D3-BF4B-00C04F79EFBC}") = "ControlIngresoGastos", "ControlIngresoGastos\ControlIngresoGastos.csproj", "{5727E3E5-726D-4692-92D5-35EFE5D38384}"
EndProject
Global
	GlobalSection(SolutionConfigurationPlatforms) = preSolution
		Debug|Any CPU = Debug|Any CPU
		Release|Any CPU = Release|Any CPU
	EndGlobalSection
	GlobalSection(ProjectConfigurationPlatforms) = postSolution
		{5727E3E5-726D-4692-92D5-35EFE5D38384}.Debug|Any CPU.ActiveCfg = Debug|Any CPU
		{5727E3E5-726D-4692-92D5-35EFE5D38384}.Debug|Any CPU.Build.0 = Debug|Any CPU
		{5727E3E5-726D-4692-92D5-35EFE5D38384}.Release|Any CPU.ActiveCfg = Release|Any CPU
		{5727E3E5-726D-4692-92D5-35EFE5D38384}.Release|Any CPU.Build.0 = Release|Any CPU
	EndGlobalSection
	GlobalSection(SolutionProperties) = preSolution
		HideSolutionNode = FALSE
	EndGlobalSection
	GlobalSection(ExtensibilityGlobals) = postSolution
		SolutionGuid = {73BBC229-34A6-4A65-B13C-E18284F05EAE}
	EndGlobalSection
EndGlobal
